
Microsoft Visual Studio Solution File, Format Version 12.00
# Visual Studio Version 17
VisualStudioVersion = 17.4.33213.308
MinimumVisualStudioVersion = 10.0.40219.1
Project("{FAE04EC0-301F-11D3-BF4B-00C04F79EFBC}") = "LammonsP6", "LammonsP6\LammonsP6.csproj", "{30D32C97-DF77-44BC-8FD6-F333B8AECE9C}"
EndProject
Global
	GlobalSection(SolutionConfigurationPlatforms) = preSolution
		Debug|Any CPU = Debug|Any CPU
		Release|Any CPU = Release|Any CPU
	EndGlobalSection
	GlobalSection(ProjectConfigurationPlatforms) = postSolution
		{30D32C97-DF77-44BC-8FD6-F333B8AECE9C}.Debug|Any CPU.ActiveCfg = Debug|Any CPU
		{30D32C97-DF77-44BC-8FD6-F333B8AECE9C}.Debug|Any CPU.Build.0 = Debug|Any CPU
		{30D32C97-DF77-44BC-8FD6-F333B8AECE9C}.Release|Any CPU.ActiveCfg = Release|Any CPU
		{30D32C97-DF77-44BC-8FD6-F333B8AECE9C}.Release|Any CPU.Build.0 = Release|Any CPU
	EndGlobalSection
	GlobalSection(SolutionProperties) = preSolution
		HideSolutionNode = FALSE
	EndGlobalSection
	GlobalSection(ExtensibilityGlobals) = postSolution
		SolutionGuid = {9EEE7028-C23A-45AC-804A-2860A2F6C9D7}
	EndGlobalSection
EndGlobal
